
Microsoft Visual Studio Solution File, Format Version 12.00
# Visual Studio 14
VisualStudioVersion = 14.0.25420.1
MinimumVisualStudioVersion = 10.0.40219.1
Project("{8BC9CEB8-8B4A-11D0-8D11-00A0C91BC942}") = "Overgrowth", "Overgrowth\Overgrowth.vcxproj", "{8884C861-49CA-4DC3-BB36-81DA53167FFE}"
EndProject
Project("{8BC9CEB8-8B4A-11D0-8D11-00A0C91BC942}") = "libbullet", "libbullet\libbullet.vcxproj", "{D89051CF-A9FA-4FDD-9957-C163AA695306}"
EndProject
Project("{8BC9CEB8-8B4A-11D0-8D11-00A0C91BC942}") = "libfreetype", "libfreetype\libfreetype.vcxproj", "{40019CFF-D32E-4BCF-9831-17F1F15690C5}"
EndProject
Project("{8BC9CEB8-8B4A-11D0-8D11-00A0C91BC942}") = "libogg", "libogg\libogg.vcxproj", "{7812A865-7504-4BEE-9613-F4141B5E6313}"
EndProject
Project("{8BC9CEB8-8B4A-11D0-8D11-00A0C91BC942}") = "libopenal", "libopenal\libopenal.vcxproj", "{897C5FC6-9EF7-4EE9-BAF8-BDACA2827BC1}"
EndProject
Project("{8BC9CEB8-8B4A-11D0-8D11-00A0C91BC942}") = "libvorbis", "libvorbis\libvorbis.vcxproj", "{683D1B47-138B-4575-9DEC-27A74F4B7615}"
EndProject
Project("{8BC9CEB8-8B4A-11D0-8D11-00A0C91BC942}") = "libvorbisfile", "libvorbisfile\libvorbisfile.vcxproj", "{2EB153F6-1DBA-4CF8-8F9D-BE3DB30C7F26}"
EndProject
Project("{8BC9CEB8-8B4A-11D0-8D11-00A0C91BC942}") = "libzlib", "libzlib\libzlib.vcxproj", "{3EDA72B4-0BF1-4D04-ADE4-B6ED77CDB985}"
EndProject
Project("{8BC9CEB8-8B4A-11D0-8D11-00A0C91BC942}") = "SDL2", "SDL2\SDL2.vcxproj", "{AC35D4B2-8AFD-4C45-AFF7-423BD2EF6107}"
EndProject
Project("{8BC9CEB8-8B4A-11D0-8D11-00A0C91BC942}") = "SDL2_net", "SDL2_net\SDL2_net.vcxproj", "{D2E63E6C-0532-4AF0-8E93-A806561A7596}"
EndProject
Project("{8BC9CEB8-8B4A-11D0-8D11-00A0C91BC942}") = "SDL2main", "SDL2main\SDL2main.vcxproj", "{2FA30E73-C767-46EC-BD23-EC3AE3F92ABC}"
EndProject
Project("{8BC9CEB8-8B4A-11D0-8D11-00A0C91BC942}") = "OvergrowthCompat", "OvergrowthCompat\OvergrowthCompat.vcxproj", "{0AB50BD1-A4B5-44A3-AE8D-F0B2C28B4B63}"
EndProject
Project("{8BC9CEB8-8B4A-11D0-8D11-00A0C91BC942}") = "OvergrowthLogging", "OvergrowthLogging\OvergrowthLogging.vcxproj", "{D06C1CE3-389F-4388-9D22-142BA3483636}"
EndProject
Project("{8BC9CEB8-8B4A-11D0-8D11-00A0C91BC942}") = "libangelscript", "libangelscript\libangelscript.vcxproj", "{10F18C96-F73A-4529-AC25-EBEE1A686214}"
EndProject
Project("{8BC9CEB8-8B4A-11D0-8D11-00A0C91BC942}") = "librecast", "librecast\librecast.vcxproj", "{0FC57AC2-FC86-4BE3-AB14-A25417131568}"
EndProject
Project("{8BC9CEB8-8B4A-11D0-8D11-00A0C91BC942}") = "libdetour", "libdetour\libdetour.vcxproj", "{EF14E96A-BC0C-4A33-85A8-9E539038DF0B}"
EndProject
Project("{8BC9CEB8-8B4A-11D0-8D11-00A0C91BC942}") = "libdetourcrowd", "libdetourcrowd\libdetourcrowd.vcxproj", "{709439C8-F707-4165-8FD5-4114C7A7312E}"
EndProject
Project("{8BC9CEB8-8B4A-11D0-8D11-00A0C91BC942}") = "libtinyxml", "libtinyxml\libtinyxml.vcxproj", "{639C83DB-AD7F-4FEA-ACA7-06C89227019B}"
EndProject
Project("{8BC9CEB8-8B4A-11D0-8D11-00A0C91BC942}") = "libglad", "libglad\libglad.vcxproj", "{2CB7E65E-8441-4F11-878A-ED4BA61D13B8}"
EndProject
Project("{8BC9CEB8-8B4A-11D0-8D11-00A0C91BC942}") = "libimgui", "libimgui\libimgui.vcxproj", "{FEE52751-1480-4FCB-ABD9-0891162A6FA4}"
EndProject
Project("{8BC9CEB8-8B4A-11D0-8D11-00A0C91BC942}") = "libbinn", "libbinn\libbinn.vcxproj", "{EAF5A450-8979-47C9-94F6-FBCED798C0F6}"
EndProject
Project("{8BC9CEB8-8B4A-11D0-8D11-00A0C91BC942}") = "libcrn", "libcrn\libcrn.vcxproj", "{B0491535-3BA3-4788-AC39-DBD982C8DC14}"
EndProject
Project("{8BC9CEB8-8B4A-11D0-8D11-00A0C91BC942}") = "libzip", "libzip\libzip.vcxproj", "{35DD2B89-AA28-4736-A154-021D00C564F4}"
EndProject
Project("{8BC9CEB8-8B4A-11D0-8D11-00A0C91BC942}") = "libzstd", "libzstd\libzstd.vcxproj", "{191C7131-8505-436D-AAA3-D9068E6FEF31}"
EndProject
Project("{8BC9CEB8-8B4A-11D0-8D11-00A0C91BC942}") = "libtrex", "libtrex\libtrex.vcxproj", "{818D8490-9E52-4595-B596-F2CD786372A1}"
EndProject
Project("{8BC9CEB8-8B4A-11D0-8D11-00A0C91BC942}") = "libmurmurhash3", "libmurmurhash3\libmurmurhash3.vcxproj", "{84BAC738-4C8C-404D-BC3F-B1EADDC73C9F}"
EndProject
Project("{8BC9CEB8-8B4A-11D0-8D11-00A0C91BC942}") = "libovr", "libovr\libovr.vcxproj", "{23143938-6897-4749-921A-9FEAE249CF8E}"
EndProject
Project("{8BC9CEB8-8B4A-11D0-8D11-00A0C91BC942}") = "OvergrowthWorker", "OvergrowthWorker\OvergrowthWorker.vcxproj", "{C344F599-66F5-43F5-A433-B51248D4CC1E}"
	ProjectSection(ProjectDependencies) = postProject
		{B0491535-3BA3-4788-AC39-DBD982C8DC14} = {B0491535-3BA3-4788-AC39-DBD982C8DC14}
		{0AB50BD1-A4B5-44A3-AE8D-F0B2C28B4B63} = {0AB50BD1-A4B5-44A3-AE8D-F0B2C28B4B63}
		{D06C1CE3-389F-4388-9D22-142BA3483636} = {D06C1CE3-389F-4388-9D22-142BA3483636}
	EndProjectSection
EndProject
Global
	GlobalSection(SolutionConfigurationPlatforms) = preSolution
		Debug|x64 = Debug|x64
		Debug|x86 = Debug|x86
		Release|x64 = Release|x64
		Release|x86 = Release|x86
	EndGlobalSection
	GlobalSection(ProjectConfigurationPlatforms) = postSolution
		{8884C861-49CA-4DC3-BB36-81DA53167FFE}.Debug|x64.ActiveCfg = Debug|x64
		{8884C861-49CA-4DC3-BB36-81DA53167FFE}.Debug|x64.Build.0 = Debug|x64
		{8884C861-49CA-4DC3-BB36-81DA53167FFE}.Debug|x86.ActiveCfg = Debug|Win32
		{8884C861-49CA-4DC3-BB36-81DA53167FFE}.Debug|x86.Build.0 = Debug|Win32
		{8884C861-49CA-4DC3-BB36-81DA53167FFE}.Release|x64.ActiveCfg = Release|x64
		{8884C861-49CA-4DC3-BB36-81DA53167FFE}.Release|x64.Build.0 = Release|x64
		{8884C861-49CA-4DC3-BB36-81DA53167FFE}.Release|x86.ActiveCfg = Release|Win32
		{8884C861-49CA-4DC3-BB36-81DA53167FFE}.Release|x86.Build.0 = Release|Win32
		{D89051CF-A9FA-4FDD-9957-C163AA695306}.Debug|x64.ActiveCfg = Debug|x64
		{D89051CF-A9FA-4FDD-9957-C163AA695306}.Debug|x64.Build.0 = Debug|x64
		{D89051CF-A9FA-4FDD-9957-C163AA695306}.Debug|x86.ActiveCfg = Debug|Win32
		{D89051CF-A9FA-4FDD-9957-C163AA695306}.Debug|x86.Build.0 = Debug|Win32
		{D89051CF-A9FA-4FDD-9957-C163AA695306}.Release|x64.ActiveCfg = Release|x64
		{D89051CF-A9FA-4FDD-9957-C163AA695306}.Release|x64.Build.0 = Release|x64
		{D89051CF-A9FA-4FDD-9957-C163AA695306}.Release|x86.ActiveCfg = Release|Win32
		{D89051CF-A9FA-4FDD-9957-C163AA695306}.Release|x86.Build.0 = Release|Win32
		{40019CFF-D32E-4BCF-9831-17F1F15690C5}.Debug|x64.ActiveCfg = Debug|x64
		{40019CFF-D32E-4BCF-9831-17F1F15690C5}.Debug|x64.Build.0 = Debug|x64
		{40019CFF-D32E-4BCF-9831-17F1F15690C5}.Debug|x86.ActiveCfg = Debug|Win32
		{40019CFF-D32E-4BCF-9831-17F1F15690C5}.Debug|x86.Build.0 = Debug|Win32
		{40019CFF-D32E-4BCF-9831-17F1F15690C5}.Release|x64.ActiveCfg = Release|x64
		{40019CFF-D32E-4BCF-9831-17F1F15690C5}.Release|x64.Build.0 = Release|x64
		{40019CFF-D32E-4BCF-9831-17F1F15690C5}.Release|x86.ActiveCfg = Release|Win32
		{40019CFF-D32E-4BCF-9831-17F1F15690C5}.Release|x86.Build.0 = Release|Win32
		{7812A865-7504-4BEE-9613-F4141B5E6313}.Debug|x64.ActiveCfg = Debug|x64
		{7812A865-7504-4BEE-9613-F4141B5E6313}.Debug|x64.Build.0 = Debug|x64
		{7812A865-7504-4BEE-9613-F4141B5E6313}.Debug|x86.ActiveCfg = Debug|Win32
		{7812A865-7504-4BEE-9613-F4141B5E6313}.Debug|x86.Build.0 = Debug|Win32
		{7812A865-7504-4BEE-9613-F4141B5E6313}.Release|x64.ActiveCfg = Release|x64
		{7812A865-7504-4BEE-9613-F4141B5E6313}.Release|x64.Build.0 = Release|x64
		{7812A865-7504-4BEE-9613-F4141B5E6313}.Release|x86.ActiveCfg = Release|Win32
		{7812A865-7504-4BEE-9613-F4141B5E6313}.Release|x86.Build.0 = Release|Win32
		{897C5FC6-9EF7-4EE9-BAF8-BDACA2827BC1}.Debug|x64.ActiveCfg = Debug|x64
		{897C5FC6-9EF7-4EE9-BAF8-BDACA2827BC1}.Debug|x64.Build.0 = Debug|x64
		{897C5FC6-9EF7-4EE9-BAF8-BDACA2827BC1}.Debug|x86.ActiveCfg = Debug|Win32
		{897C5FC6-9EF7-4EE9-BAF8-BDACA2827BC1}.Debug|x86.Build.0 = Debug|Win32
		{897C5FC6-9EF7-4EE9-BAF8-BDACA2827BC1}.Release|x64.ActiveCfg = Release|x64
		{897C5FC6-9EF7-4EE9-BAF8-BDACA2827BC1}.Release|x64.Build.0 = Release|x64
		{897C5FC6-9EF7-4EE9-BAF8-BDACA2827BC1}.Release|x86.ActiveCfg = Release|Win32
		{897C5FC6-9EF7-4EE9-BAF8-BDACA2827BC1}.Release|x86.Build.0 = Release|Win32
		{683D1B47-138B-4575-9DEC-27A74F4B7615}.Debug|x64.ActiveCfg = Debug|x64
		{683D1B47-138B-4575-9DEC-27A74F4B7615}.Debug|x64.Build.0 = Debug|x64
		{683D1B47-138B-4575-9DEC-27A74F4B7615}.Debug|x86.ActiveCfg = Debug|Win32
		{683D1B47-138B-4575-9DEC-27A74F4B7615}.Debug|x86.Build.0 = Debug|Win32
		{683D1B47-138B-4575-9DEC-27A74F4B7615}.Release|x64.ActiveCfg = Release|x64
		{683D1B47-138B-4575-9DEC-27A74F4B7615}.Release|x64.Build.0 = Release|x64
		{683D1B47-138B-4575-9DEC-27A74F4B7615}.Release|x86.ActiveCfg = Release|Win32
		{683D1B47-138B-4575-9DEC-27A74F4B7615}.Release|x86.Build.0 = Release|Win32
		{2EB153F6-1DBA-4CF8-8F9D-BE3DB30C7F26}.Debug|x64.ActiveCfg = Debug|x64
		{2EB153F6-1DBA-4CF8-8F9D-BE3DB30C7F26}.Debug|x64.Build.0 = Debug|x64
		{2EB153F6-1DBA-4CF8-8F9D-BE3DB30C7F26}.Debug|x86.ActiveCfg = Debug|Win32
		{2EB153F6-1DBA-4CF8-8F9D-BE3DB30C7F26}.Debug|x86.Build.0 = Debug|Win32
		{2EB153F6-1DBA-4CF8-8F9D-BE3DB30C7F26}.Release|x64.ActiveCfg = Release|x64
		{2EB153F6-1DBA-4CF8-8F9D-BE3DB30C7F26}.Release|x64.Build.0 = Release|x64
		{2EB153F6-1DBA-4CF8-8F9D-BE3DB30C7F26}.Release|x86.ActiveCfg = Release|Win32
		{2EB153F6-1DBA-4CF8-8F9D-BE3DB30C7F26}.Release|x86.Build.0 = Release|Win32
		{3EDA72B4-0BF1-4D04-ADE4-B6ED77CDB985}.Debug|x64.ActiveCfg = Debug|x64
		{3EDA72B4-0BF1-4D04-ADE4-B6ED77CDB985}.Debug|x64.Build.0 = Debug|x64
		{3EDA72B4-0BF1-4D04-ADE4-B6ED77CDB985}.Debug|x86.ActiveCfg = Debug|Win32
		{3EDA72B4-0BF1-4D04-ADE4-B6ED77CDB985}.Debug|x86.Build.0 = Debug|Win32
		{3EDA72B4-0BF1-4D04-ADE4-B6ED77CDB985}.Release|x64.ActiveCfg = Release|x64
		{3EDA72B4-0BF1-4D04-ADE4-B6ED77CDB985}.Release|x64.Build.0 = Release|x64
		{3EDA72B4-0BF1-4D04-ADE4-B6ED77CDB985}.Release|x86.ActiveCfg = Release|Win32
		{3EDA72B4-0BF1-4D04-ADE4-B6ED77CDB985}.Release|x86.Build.0 = Release|Win32
		{AC35D4B2-8AFD-4C45-AFF7-423BD2EF6107}.Debug|x64.ActiveCfg = Debug|x64
		{AC35D4B2-8AFD-4C45-AFF7-423BD2EF6107}.Debug|x64.Build.0 = Debug|x64
		{AC35D4B2-8AFD-4C45-AFF7-423BD2EF6107}.Debug|x86.ActiveCfg = Debug|Win32
		{AC35D4B2-8AFD-4C45-AFF7-423BD2EF6107}.Debug|x86.Build.0 = Debug|Win32
		{AC35D4B2-8AFD-4C45-AFF7-423BD2EF6107}.Release|x64.ActiveCfg = Release|x64
		{AC35D4B2-8AFD-4C45-AFF7-423BD2EF6107}.Release|x64.Build.0 = Release|x64
		{AC35D4B2-8AFD-4C45-AFF7-423BD2EF6107}.Release|x86.ActiveCfg = Release|Win32
		{AC35D4B2-8AFD-4C45-AFF7-423BD2EF6107}.Release|x86.Build.0 = Release|Win32
		{D2E63E6C-0532-4AF0-8E93-A806561A7596}.Debug|x64.ActiveCfg = Debug|x64
		{D2E63E6C-0532-4AF0-8E93-A806561A7596}.Debug|x64.Build.0 = Debug|x64
		{D2E63E6C-0532-4AF0-8E93-A806561A7596}.Debug|x86.ActiveCfg = Debug|Win32
		{D2E63E6C-0532-4AF0-8E93-A806561A7596}.Debug|x86.Build.0 = Debug|Win32
		{D2E63E6C-0532-4AF0-8E93-A806561A7596}.Release|x64.ActiveCfg = Release|x64
		{D2E63E6C-0532-4AF0-8E93-A806561A7596}.Release|x64.Build.0 = Release|x64
		{D2E63E6C-0532-4AF0-8E93-A806561A7596}.Release|x86.ActiveCfg = Release|Win32
		{D2E63E6C-0532-4AF0-8E93-A806561A7596}.Release|x86.Build.0 = Release|Win32
		{2FA30E73-C767-46EC-BD23-EC3AE3F92ABC}.Debug|x64.ActiveCfg = Debug|x64
		{2FA30E73-C767-46EC-BD23-EC3AE3F92ABC}.Debug|x64.Build.0 = Debug|x64
		{2FA30E73-C767-46EC-BD23-EC3AE3F92ABC}.Debug|x86.ActiveCfg = Debug|Win32
		{2FA30E73-C767-46EC-BD23-EC3AE3F92ABC}.Debug|x86.Build.0 = Debug|Win32
		{2FA30E73-C767-46EC-BD23-EC3AE3F92ABC}.Release|x64.ActiveCfg = Release|x64
		{2FA30E73-C767-46EC-BD23-EC3AE3F92ABC}.Release|x64.Build.0 = Release|x64
		{2FA30E73-C767-46EC-BD23-EC3AE3F92ABC}.Release|x86.ActiveCfg = Release|Win32
		{2FA30E73-C767-46EC-BD23-EC3AE3F92ABC}.Release|x86.Build.0 = Release|Win32
		{0AB50BD1-A4B5-44A3-AE8D-F0B2C28B4B63}.Debug|x64.ActiveCfg = Debug|x64
		{0AB50BD1-A4B5-44A3-AE8D-F0B2C28B4B63}.Debug|x64.Build.0 = Debug|x64
		{0AB50BD1-A4B5-44A3-AE8D-F0B2C28B4B63}.Debug|x86.ActiveCfg = Debug|Win32
		{0AB50BD1-A4B5-44A3-AE8D-F0B2C28B4B63}.Debug|x86.Build.0 = Debug|Win32
		{0AB50BD1-A4B5-44A3-AE8D-F0B2C28B4B63}.Release|x64.ActiveCfg = Release|x64
		{0AB50BD1-A4B5-44A3-AE8D-F0B2C28B4B63}.Release|x64.Build.0 = Release|x64
		{0AB50BD1-A4B5-44A3-AE8D-F0B2C28B4B63}.Release|x86.ActiveCfg = Release|Win32
		{0AB50BD1-A4B5-44A3-AE8D-F0B2C28B4B63}.Release|x86.Build.0 = Release|Win32
		{D06C1CE3-389F-4388-9D22-142BA3483636}.Debug|x64.ActiveCfg = Debug|x64
		{D06C1CE3-389F-4388-9D22-142BA3483636}.Debug|x64.Build.0 = Debug|x64
		{D06C1CE3-389F-4388-9D22-142BA3483636}.Debug|x86.ActiveCfg = Debug|Win32
		{D06C1CE3-389F-4388-9D22-142BA3483636}.Debug|x86.Build.0 = Debug|Win32
		{D06C1CE3-389F-4388-9D22-142BA3483636}.Release|x64.ActiveCfg = Release|x64
		{D06C1CE3-389F-4388-9D22-142BA3483636}.Release|x64.Build.0 = Release|x64
		{D06C1CE3-389F-4388-9D22-142BA3483636}.Release|x86.ActiveCfg = Release|Win32
		{D06C1CE3-389F-4388-9D22-142BA3483636}.Release|x86.Build.0 = Release|Win32
		{10F18C96-F73A-4529-AC25-EBEE1A686214}.Debug|x64.ActiveCfg = Debug|x64
		{10F18C96-F73A-4529-AC25-EBEE1A686214}.Debug|x64.Build.0 = Debug|x64
		{10F18C96-F73A-4529-AC25-EBEE1A686214}.Debug|x86.ActiveCfg = Debug|Win32
		{10F18C96-F73A-4529-AC25-EBEE1A686214}.Debug|x86.Build.0 = Debug|Win32
		{10F18C96-F73A-4529-AC25-EBEE1A686214}.Release|x64.ActiveCfg = Release|x64
		{10F18C96-F73A-4529-AC25-EBEE1A686214}.Release|x64.Build.0 = Release|x64
		{10F18C96-F73A-4529-AC25-EBEE1A686214}.Release|x86.ActiveCfg = Release|Win32
		{10F18C96-F73A-4529-AC25-EBEE1A686214}.Release|x86.Build.0 = Release|Win32
		{0FC57AC2-FC86-4BE3-AB14-A25417131568}.Debug|x64.ActiveCfg = Debug|x64
		{0FC57AC2-FC86-4BE3-AB14-A25417131568}.Debug|x64.Build.0 = Debug|x64
		{0FC57AC2-FC86-4BE3-AB14-A25417131568}.Debug|x86.ActiveCfg = Debug|Win32
		{0FC57AC2-FC86-4BE3-AB14-A25417131568}.Debug|x86.Build.0 = Debug|Win32
		{0FC57AC2-FC86-4BE3-AB14-A25417131568}.Release|x64.ActiveCfg = Release|x64
		{0FC57AC2-FC86-4BE3-AB14-A25417131568}.Release|x64.Build.0 = Release|x64
		{0FC57AC2-FC86-4BE3-AB14-A25417131568}.Release|x86.ActiveCfg = Release|Win32
		{0FC57AC2-FC86-4BE3-AB14-A25417131568}.Release|x86.Build.0 = Release|Win32
		{EF14E96A-BC0C-4A33-85A8-9E539038DF0B}.Debug|x64.ActiveCfg = Debug|x64
		{EF14E96A-BC0C-4A33-85A8-9E539038DF0B}.Debug|x64.Build.0 = Debug|x64
		{EF14E96A-BC0C-4A33-85A8-9E539038DF0B}.Debug|x86.ActiveCfg = Debug|Win32
		{EF14E96A-BC0C-4A33-85A8-9E539038DF0B}.Debug|x86.Build.0 = Debug|Win32
		{EF14E96A-BC0C-4A33-85A8-9E539038DF0B}.Release|x64.ActiveCfg = Release|x64
		{EF14E96A-BC0C-4A33-85A8-9E539038DF0B}.Release|x64.Build.0 = Release|x64
		{EF14E96A-BC0C-4A33-85A8-9E539038DF0B}.Release|x86.ActiveCfg = Release|Win32
		{EF14E96A-BC0C-4A33-85A8-9E539038DF0B}.Release|x86.Build.0 = Release|Win32
		{709439C8-F707-4165-8FD5-4114C7A7312E}.Debug|x64.ActiveCfg = Debug|x64
		{709439C8-F707-4165-8FD5-4114C7A7312E}.Debug|x64.Build.0 = Debug|x64
		{709439C8-F707-4165-8FD5-4114C7A7312E}.Debug|x86.ActiveCfg = Debug|Win32
		{709439C8-F707-4165-8FD5-4114C7A7312E}.Debug|x86.Build.0 = Debug|Win32
		{709439C8-F707-4165-8FD5-4114C7A7312E}.Release|x64.ActiveCfg = Release|x64
		{709439C8-F707-4165-8FD5-4114C7A7312E}.Release|x64.Build.0 = Release|x64
		{709439C8-F707-4165-8FD5-4114C7A7312E}.Release|x86.ActiveCfg = Release|Win32
		{709439C8-F707-4165-8FD5-4114C7A7312E}.Release|x86.Build.0 = Release|Win32
		{639C83DB-AD7F-4FEA-ACA7-06C89227019B}.Debug|x64.ActiveCfg = Debug|x64
		{639C83DB-AD7F-4FEA-ACA7-06C89227019B}.Debug|x64.Build.0 = Debug|x64
		{639C83DB-AD7F-4FEA-ACA7-06C89227019B}.Debug|x86.ActiveCfg = Debug|Win32
		{639C83DB-AD7F-4FEA-ACA7-06C89227019B}.Debug|x86.Build.0 = Debug|Win32
		{639C83DB-AD7F-4FEA-ACA7-06C89227019B}.Release|x64.ActiveCfg = Release|x64
		{639C83DB-AD7F-4FEA-ACA7-06C89227019B}.Release|x64.Build.0 = Release|x64
		{639C83DB-AD7F-4FEA-ACA7-06C89227019B}.Release|x86.ActiveCfg = Release|Win32
		{639C83DB-AD7F-4FEA-ACA7-06C89227019B}.Release|x86.Build.0 = Release|Win32
		{2CB7E65E-8441-4F11-878A-ED4BA61D13B8}.Debug|x64.ActiveCfg = Debug|x64
		{2CB7E65E-8441-4F11-878A-ED4BA61D13B8}.Debug|x64.Build.0 = Debug|x64
		{2CB7E65E-8441-4F11-878A-ED4BA61D13B8}.Debug|x86.ActiveCfg = Debug|Win32
		{2CB7E65E-8441-4F11-878A-ED4BA61D13B8}.Debug|x86.Build.0 = Debug|Win32
		{2CB7E65E-8441-4F11-878A-ED4BA61D13B8}.Release|x64.ActiveCfg = Release|x64
		{2CB7E65E-8441-4F11-878A-ED4BA61D13B8}.Release|x64.Build.0 = Release|x64
		{2CB7E65E-8441-4F11-878A-ED4BA61D13B8}.Release|x86.ActiveCfg = Release|Win32
		{2CB7E65E-8441-4F11-878A-ED4BA61D13B8}.Release|x86.Build.0 = Release|Win32
		{FEE52751-1480-4FCB-ABD9-0891162A6FA4}.Debug|x64.ActiveCfg = Debug|x64
		{FEE52751-1480-4FCB-ABD9-0891162A6FA4}.Debug|x64.Build.0 = Debug|x64
		{FEE52751-1480-4FCB-ABD9-0891162A6FA4}.Debug|x86.ActiveCfg = Debug|Win32
		{FEE52751-1480-4FCB-ABD9-0891162A6FA4}.Debug|x86.Build.0 = Debug|Win32
		{FEE52751-1480-4FCB-ABD9-0891162A6FA4}.Release|x64.ActiveCfg = Release|x64
		{FEE52751-1480-4FCB-ABD9-0891162A6FA4}.Release|x64.Build.0 = Release|x64
		{FEE52751-1480-4FCB-ABD9-0891162A6FA4}.Release|x86.ActiveCfg = Release|Win32
		{FEE52751-1480-4FCB-ABD9-0891162A6FA4}.Release|x86.Build.0 = Release|Win32
		{EAF5A450-8979-47C9-94F6-FBCED798C0F6}.Debug|x64.ActiveCfg = Debug|x64
		{EAF5A450-8979-47C9-94F6-FBCED798C0F6}.Debug|x64.Build.0 = Debug|x64
		{EAF5A450-8979-47C9-94F6-FBCED798C0F6}.Debug|x86.ActiveCfg = Debug|Win32
		{EAF5A450-8979-47C9-94F6-FBCED798C0F6}.Debug|x86.Build.0 = Debug|Win32
		{EAF5A450-8979-47C9-94F6-FBCED798C0F6}.Release|x64.ActiveCfg = Release|x64
		{EAF5A450-8979-47C9-94F6-FBCED798C0F6}.Release|x64.Build.0 = Release|x64
		{EAF5A450-8979-47C9-94F6-FBCED798C0F6}.Release|x86.ActiveCfg = Release|Win32
		{EAF5A450-8979-47C9-94F6-FBCED798C0F6}.Release|x86.Build.0 = Release|Win32
		{B0491535-3BA3-4788-AC39-DBD982C8DC14}.Debug|x64.ActiveCfg = Debug|x64
		{B0491535-3BA3-4788-AC39-DBD982C8DC14}.Debug|x64.Build.0 = Debug|x64
		{B0491535-3BA3-4788-AC39-DBD982C8DC14}.Debug|x86.ActiveCfg = Debug|Win32
		{B0491535-3BA3-4788-AC39-DBD982C8DC14}.Debug|x86.Build.0 = Debug|Win32
		{B0491535-3BA3-4788-AC39-DBD982C8DC14}.Release|x64.ActiveCfg = Release|x64
		{B0491535-3BA3-4788-AC39-DBD982C8DC14}.Release|x64.Build.0 = Release|x64
		{B0491535-3BA3-4788-AC39-DBD982C8DC14}.Release|x86.ActiveCfg = Release|Win32
		{B0491535-3BA3-4788-AC39-DBD982C8DC14}.Release|x86.Build.0 = Release|Win32
		{35DD2B89-AA28-4736-A154-021D00C564F4}.Debug|x64.ActiveCfg = Debug|x64
		{35DD2B89-AA28-4736-A154-021D00C564F4}.Debug|x64.Build.0 = Debug|x64
		{35DD2B89-AA28-4736-A154-021D00C564F4}.Debug|x86.ActiveCfg = Debug|Win32
		{35DD2B89-AA28-4736-A154-021D00C564F4}.Debug|x86.Build.0 = Debug|Win32
		{35DD2B89-AA28-4736-A154-021D00C564F4}.Release|x64.ActiveCfg = Release|x64
		{35DD2B89-AA28-4736-A154-021D00C564F4}.Release|x64.Build.0 = Release|x64
		{35DD2B89-AA28-4736-A154-021D00C564F4}.Release|x86.ActiveCfg = Release|Win32
		{35DD2B89-AA28-4736-A154-021D00C564F4}.Release|x86.Build.0 = Release|Win32
		{191C7131-8505-436D-AAA3-D9068E6FEF31}.Debug|x64.ActiveCfg = Debug|x64
		{191C7131-8505-436D-AAA3-D9068E6FEF31}.Debug|x64.Build.0 = Debug|x64
		{191C7131-8505-436D-AAA3-D9068E6FEF31}.Debug|x86.ActiveCfg = Debug|Win32
		{191C7131-8505-436D-AAA3-D9068E6FEF31}.Debug|x86.Build.0 = Debug|Win32
		{191C7131-8505-436D-AAA3-D9068E6FEF31}.Release|x64.ActiveCfg = Release|x64
		{191C7131-8505-436D-AAA3-D9068E6FEF31}.Release|x64.Build.0 = Release|x64
		{191C7131-8505-436D-AAA3-D9068E6FEF31}.Release|x86.ActiveCfg = Release|Win32
		{191C7131-8505-436D-AAA3-D9068E6FEF31}.Release|x86.Build.0 = Release|Win32
		{818D8490-9E52-4595-B596-F2CD786372A1}.Debug|x64.ActiveCfg = Debug|x64
		{818D8490-9E52-4595-B596-F2CD786372A1}.Debug|x64.Build.0 = Debug|x64
		{818D8490-9E52-4595-B596-F2CD786372A1}.Debug|x86.ActiveCfg = Debug|Win32
		{818D8490-9E52-4595-B596-F2CD786372A1}.Debug|x86.Build.0 = Debug|Win32
		{818D8490-9E52-4595-B596-F2CD786372A1}.Release|x64.ActiveCfg = Release|x64
		{818D8490-9E52-4595-B596-F2CD786372A1}.Release|x64.Build.0 = Release|x64
		{818D8490-9E52-4595-B596-F2CD786372A1}.Release|x86.ActiveCfg = Release|Win32
		{818D8490-9E52-4595-B596-F2CD786372A1}.Release|x86.Build.0 = Release|Win32
		{84BAC738-4C8C-404D-BC3F-B1EADDC73C9F}.Debug|x64.ActiveCfg = Debug|x64
		{84BAC738-4C8C-404D-BC3F-B1EADDC73C9F}.Debug|x64.Build.0 = Debug|x64
		{84BAC738-4C8C-404D-BC3F-B1EADDC73C9F}.Debug|x86.ActiveCfg = Debug|Win32
		{84BAC738-4C8C-404D-BC3F-B1EADDC73C9F}.Debug|x86.Build.0 = Debug|Win32
		{84BAC738-4C8C-404D-BC3F-B1EADDC73C9F}.Release|x64.ActiveCfg = Release|x64
		{84BAC738-4C8C-404D-BC3F-B1EADDC73C9F}.Release|x64.Build.0 = Release|x64
		{84BAC738-4C8C-404D-BC3F-B1EADDC73C9F}.Release|x86.ActiveCfg = Release|Win32
		{84BAC738-4C8C-404D-BC3F-B1EADDC73C9F}.Release|x86.Build.0 = Release|Win32
		{23143938-6897-4749-921A-9FEAE249CF8E}.Debug|x64.ActiveCfg = Debug|x64
		{23143938-6897-4749-921A-9FEAE249CF8E}.Debug|x64.Build.0 = Debug|x64
		{23143938-6897-4749-921A-9FEAE249CF8E}.Debug|x86.ActiveCfg = Debug|Win32
		{23143938-6897-4749-921A-9FEAE249CF8E}.Debug|x86.Build.0 = Debug|Win32
		{23143938-6897-4749-921A-9FEAE249CF8E}.Release|x64.ActiveCfg = Release|x64
		{23143938-6897-4749-921A-9FEAE249CF8E}.Release|x64.Build.0 = Release|x64
		{23143938-6897-4749-921A-9FEAE249CF8E}.Release|x86.ActiveCfg = Release|Win32
		{23143938-6897-4749-921A-9FEAE249CF8E}.Release|x86.Build.0 = Release|Win32
		{C344F599-66F5-43F5-A433-B51248D4CC1E}.Debug|x64.ActiveCfg = Debug|x64
		{C344F599-66F5-43F5-A433-B51248D4CC1E}.Debug|x64.Build.0 = Debug|x64
		{C344F599-66F5-43F5-A433-B51248D4CC1E}.Debug|x86.ActiveCfg = Debug|Win32
		{C344F599-66F5-43F5-A433-B51248D4CC1E}.Debug|x86.Build.0 = Debug|Win32
		{C344F599-66F5-43F5-A433-B51248D4CC1E}.Release|x64.ActiveCfg = Release|x64
		{C344F599-66F5-43F5-A433-B51248D4CC1E}.Release|x64.Build.0 = Release|x64
		{C344F599-66F5-43F5-A433-B51248D4CC1E}.Release|x86.ActiveCfg = Release|Win32
		{C344F599-66F5-43F5-A433-B51248D4CC1E}.Release|x86.Build.0 = Release|Win32
	EndGlobalSection
	GlobalSection(SolutionProperties) = preSolution
		HideSolutionNode = FALSE
	EndGlobalSection
EndGlobal
