<?xml version="1.0" encoding="utf-8"?>
<Project ToolsVersion="4.0" xmlns="http://schemas.microsoft.com/developer/msbuild/2003">
  <ItemGroup>
    <Filter Include="Source Files">
      <UniqueIdentifier>{4FC737F1-C7A5-4376-A066-2A32D752A2FF}</UniqueIdentifier>
      <Extensions>cpp;c;cc;cxx;def;odl;idl;hpj;bat;asm;asmx</Extensions>
    </Filter>
    <Filter Include="Header Files">
      <UniqueIdentifier>{93995380-89BD-4b04-88EB-625FBE52EBFB}</UniqueIdentifier>
      <Extensions>h;hh;hpp;hxx;hm;inl;inc;xsd</Extensions>
    </Filter>
    <Filter Include="Resource Files">
      <UniqueIdentifier>{67DA6AB6-F800-4c08-8B7A-83BB121AAD01}</UniqueIdentifier>
      <Extensions>rc;ico;cur;bmp;dlg;rc2;rct;bin;rgs;gif;jpg;jpeg;jpe;resx;tiff;tif;png;wav;mfcribbon-ms</Extensions>
    </Filter>
  </ItemGroup>
  <ItemGroup>
    <ClCompile Include="crunch\crn_arealist.cpp">
      <Filter>Source Files</Filter>
    </ClCompile>
    <ClCompile Include="crunch\crn_assert.cpp">
      <Filter>Source Files</Filter>
    </ClCompile>
    <ClCompile Include="crunch\crn_checksum.cpp">
      <Filter>Source Files</Filter>
    </ClCompile>
    <ClCompile Include="crunch\crn_colorized_console.cpp">
      <Filter>Source Files</Filter>
    </ClCompile>
    <ClCompile Include="crunch\crn_command_line_params.cpp">
      <Filter>Source Files</Filter>
    </ClCompile>
    <ClCompile Include="crunch\crn_comp.cpp">
      <Filter>Source Files</Filter>
    </ClCompile>
    <ClCompile Include="crunch\crn_console.cpp">
      <Filter>Source Files</Filter>
    </ClCompile>
    <ClCompile Include="crunch\crn_core.cpp">
      <Filter>Source Files</Filter>
    </ClCompile>
    <ClCompile Include="crunch\crn_data_stream.cpp">
      <Filter>Source Files</Filter>
    </ClCompile>
    <ClCompile Include="crunch\crn_dds_comp.cpp">
      <Filter>Source Files</Filter>
    </ClCompile>
    <ClCompile Include="crunch\crn_decomp.cpp">
      <Filter>Source Files</Filter>
    </ClCompile>
    <ClCompile Include="crunch\crn_dxt.cpp">
      <Filter>Source Files</Filter>
    </ClCompile>
    <ClCompile Include="crunch\crn_dxt_endpoint_refiner.cpp">
      <Filter>Source Files</Filter>
    </ClCompile>
    <ClCompile Include="crunch\crn_dxt_fast.cpp">
      <Filter>Source Files</Filter>
    </ClCompile>
    <ClCompile Include="crunch\crn_dxt_hc.cpp">
      <Filter>Source Files</Filter>
    </ClCompile>
    <ClCompile Include="crunch\crn_dxt_hc_common.cpp">
      <Filter>Source Files</Filter>
    </ClCompile>
    <ClCompile Include="crunch\crn_dxt_image.cpp">
      <Filter>Source Files</Filter>
    </ClCompile>
    <ClCompile Include="crunch\crn_dxt1.cpp">
      <Filter>Source Files</Filter>
    </ClCompile>
    <ClCompile Include="crunch\crn_dxt5a.cpp">
      <Filter>Source Files</Filter>
    </ClCompile>
    <ClCompile Include="crunch\crn_dynamic_string.cpp">
      <Filter>Source Files</Filter>
    </ClCompile>
    <ClCompile Include="crunch\crn_etc.cpp">
      <Filter>Source Files</Filter>
    </ClCompile>
    <ClCompile Include="crunch\crn_file_utils.cpp">
      <Filter>Source Files</Filter>
    </ClCompile>
    <ClCompile Include="crunch\crn_find_files.cpp">
      <Filter>Source Files</Filter>
    </ClCompile>
    <ClCompile Include="crunch\crn_hash.cpp">
      <Filter>Source Files</Filter>
    </ClCompile>
    <ClCompile Include="crunch\crn_hash_map.cpp">
      <Filter>Source Files</Filter>
    </ClCompile>
    <ClCompile Include="crunch\crn_huffman_codes.cpp">
      <Filter>Source Files</Filter>
    </ClCompile>
    <ClCompile Include="crunch\crn_image_utils.cpp">
      <Filter>Source Files</Filter>
    </ClCompile>
    <ClCompile Include="crunch\crn_jpgd.cpp">
      <Filter>Source Files</Filter>
    </ClCompile>
    <ClCompile Include="crunch\crn_jpge.cpp">
      <Filter>Source Files</Filter>
    </ClCompile>
    <ClCompile Include="crunch\crn_ktx_texture.cpp">
      <Filter>Source Files</Filter>
    </ClCompile>
    <ClCompile Include="crunch\crn_lzma_codec.cpp">
      <Filter>Source Files</Filter>
    </ClCompile>
    <ClCompile Include="crunch\crn_math.cpp">
      <Filter>Source Files</Filter>
    </ClCompile>
    <ClCompile Include="crunch\crn_mem.cpp">
      <Filter>Source Files</Filter>
    </ClCompile>
    <ClCompile Include="crunch\crn_miniz.cpp">
      <Filter>Source Files</Filter>
    </ClCompile>
    <ClCompile Include="crunch\crn_mipmapped_texture.cpp">
      <Filter>Source Files</Filter>
    </ClCompile>
    <ClCompile Include="crunch\crn_pixel_format.cpp">
      <Filter>Source Files</Filter>
    </ClCompile>
    <ClCompile Include="crunch\crn_platform.cpp">
      <Filter>Source Files</Filter>
    </ClCompile>
    <ClCompile Include="crunch\crn_prefix_coding.cpp">
      <Filter>Source Files</Filter>
    </ClCompile>
    <ClCompile Include="crunch\crn_qdxt1.cpp">
      <Filter>Source Files</Filter>
    </ClCompile>
    <ClCompile Include="crunch\crn_qdxt5.cpp">
      <Filter>Source Files</Filter>
    </ClCompile>
    <ClCompile Include="crunch\crn_rand.cpp">
      <Filter>Source Files</Filter>
    </ClCompile>
    <ClCompile Include="crunch\crn_resample_filters.cpp">
      <Filter>Source Files</Filter>
    </ClCompile>
    <ClCompile Include="crunch\crn_resampler.cpp">
      <Filter>Source Files</Filter>
    </ClCompile>
    <ClCompile Include="crunch\crn_rg_etc1.cpp">
      <Filter>Source Files</Filter>
    </ClCompile>
    <ClCompile Include="crunch\crn_ryg_dxt.cpp">
      <Filter>Source Files</Filter>
    </ClCompile>
    <ClCompile Include="crunch\crn_sparse_bit_array.cpp">
      <Filter>Source Files</Filter>
    </ClCompile>
    <ClCompile Include="crunch\crn_stb_image.cpp">
      <Filter>Source Files</Filter>
    </ClCompile>
    <ClCompile Include="crunch\crn_strutils.cpp">
      <Filter>Source Files</Filter>
    </ClCompile>
    <ClCompile Include="crunch\crn_symbol_codec.cpp">
      <Filter>Source Files</Filter>
    </ClCompile>
    <ClCompile Include="crunch\crn_texture_comp.cpp">
      <Filter>Source Files</Filter>
    </ClCompile>
    <ClCompile Include="crunch\crn_texture_conversion.cpp">
      <Filter>Source Files</Filter>
    </ClCompile>
    <ClCompile Include="crunch\crn_texture_file_types.cpp">
      <Filter>Source Files</Filter>
    </ClCompile>
    <ClCompile Include="crunch\crn_threaded_resampler.cpp">
      <Filter>Source Files</Filter>
    </ClCompile>
    <ClCompile Include="crunch\crn_threading_pthreads.cpp">
      <Filter>Source Files</Filter>
    </ClCompile>
    <ClCompile Include="crunch\crn_threading_win32.cpp">
      <Filter>Source Files</Filter>
    </ClCompile>
    <ClCompile Include="crunch\crn_timer.cpp">
      <Filter>Source Files</Filter>
    </ClCompile>
    <ClCompile Include="crunch\crn_utils.cpp">
      <Filter>Source Files</Filter>
    </ClCompile>
    <ClCompile Include="crunch\crn_value.cpp">
      <Filter>Source Files</Filter>
    </ClCompile>
    <ClCompile Include="crunch\crn_vector.cpp">
      <Filter>Source Files</Filter>
    </ClCompile>
    <ClCompile Include="crunch\crn_zeng.cpp">
      <Filter>Source Files</Filter>
    </ClCompile>
    <ClCompile Include="crunch\crnlib.cpp">
      <Filter>Source Files</Filter>
    </ClCompile>
    <ClCompile Include="crunch\lzma_7zBuf.cpp">
      <Filter>Source Files</Filter>
    </ClCompile>
    <ClCompile Include="crunch\lzma_7zBuf2.cpp">
      <Filter>Source Files</Filter>
    </ClCompile>
    <ClCompile Include="crunch\lzma_7zCrc.cpp">
      <Filter>Source Files</Filter>
    </ClCompile>
    <ClCompile Include="crunch\lzma_7zFile.cpp">
      <Filter>Source Files</Filter>
    </ClCompile>
    <ClCompile Include="crunch\lzma_7zStream.cpp">
      <Filter>Source Files</Filter>
    </ClCompile>
    <ClCompile Include="crunch\lzma_Alloc.cpp">
      <Filter>Source Files</Filter>
    </ClCompile>
    <ClCompile Include="crunch\lzma_Bcj2.cpp">
      <Filter>Source Files</Filter>
    </ClCompile>
    <ClCompile Include="crunch\lzma_Bra.cpp">
      <Filter>Source Files</Filter>
    </ClCompile>
    <ClCompile Include="crunch\lzma_Bra86.cpp">
      <Filter>Source Files</Filter>
    </ClCompile>
    <ClCompile Include="crunch\lzma_BraIA64.cpp">
      <Filter>Source Files</Filter>
    </ClCompile>
    <ClCompile Include="crunch\lzma_LzFind.cpp">
      <Filter>Source Files</Filter>
    </ClCompile>
    <ClCompile Include="crunch\lzma_LzFindMt.cpp">
      <Filter>Source Files</Filter>
    </ClCompile>
    <ClCompile Include="crunch\lzma_LzmaDec.cpp">
      <Filter>Source Files</Filter>
    </ClCompile>
    <ClCompile Include="crunch\lzma_LzmaEnc.cpp">
      <Filter>Source Files</Filter>
    </ClCompile>
    <ClCompile Include="crunch\lzma_LzmaLib.cpp">
      <Filter>Source Files</Filter>
    </ClCompile>
    <ClCompile Include="crunch\lzma_Threads.cpp">
      <Filter>Source Files</Filter>
    </ClCompile>
  </ItemGroup>
  <ItemGroup>
    <ClInclude Include="crunch\crn_arealist.h">
      <Filter>Header Files</Filter>
    </ClInclude>
    <ClInclude Include="crunch\crn_assert.h">
      <Filter>Header Files</Filter>
    </ClInclude>
    <ClInclude Include="crunch\crn_atomics.h">
      <Filter>Header Files</Filter>
    </ClInclude>
    <ClInclude Include="crunch\crn_buffer_stream.h">
      <Filter>Header Files</Filter>
    </ClInclude>
    <ClInclude Include="crunch\crn_cfile_stream.h">
      <Filter>Header Files</Filter>
    </ClInclude>
    <ClInclude Include="crunch\crn_checksum.h">
      <Filter>Header Files</Filter>
    </ClInclude>
    <ClInclude Include="crunch\crn_clusterizer.h">
      <Filter>Header Files</Filter>
    </ClInclude>
    <ClInclude Include="crunch\crn_color.h">
      <Filter>Header Files</Filter>
    </ClInclude>
    <ClInclude Include="crunch\crn_colorized_console.h">
      <Filter>Header Files</Filter>
    </ClInclude>
    <ClInclude Include="crunch\crn_command_line_params.h">
      <Filter>Header Files</Filter>
    </ClInclude>
    <ClInclude Include="crunch\crn_comp.h">
      <Filter>Header Files</Filter>
    </ClInclude>
    <ClInclude Include="crunch\crn_console.h">
      <Filter>Header Files</Filter>
    </ClInclude>
    <ClInclude Include="crunch\crn_core.h">
      <Filter>Header Files</Filter>
    </ClInclude>
    <ClInclude Include="crunch\crn_data_stream.h">
      <Filter>Header Files</Filter>
    </ClInclude>
    <ClInclude Include="crunch\crn_data_stream_serializer.h">
      <Filter>Header Files</Filter>
    </ClInclude>
    <ClInclude Include="crunch\crn_dds_comp.h">
      <Filter>Header Files</Filter>
    </ClInclude>
    <ClInclude Include="crunch\crn_dxt.h">
      <Filter>Header Files</Filter>
    </ClInclude>
    <ClInclude Include="crunch\crn_dxt_endpoint_refiner.h">
      <Filter>Header Files</Filter>
    </ClInclude>
    <ClInclude Include="crunch\crn_dxt_fast.h">
      <Filter>Header Files</Filter>
    </ClInclude>
    <ClInclude Include="crunch\crn_dxt_hc.h">
      <Filter>Header Files</Filter>
    </ClInclude>
    <ClInclude Include="crunch\crn_dxt_hc_common.h">
      <Filter>Header Files</Filter>
    </ClInclude>
    <ClInclude Include="crunch\crn_dxt_image.h">
      <Filter>Header Files</Filter>
    </ClInclude>
    <ClInclude Include="crunch\crn_dxt1.h">
      <Filter>Header Files</Filter>
    </ClInclude>
    <ClInclude Include="crunch\crn_dxt5a.h">
      <Filter>Header Files</Filter>
    </ClInclude>
    <ClInclude Include="crunch\crn_dynamic_stream.h">
      <Filter>Header Files</Filter>
    </ClInclude>
    <ClInclude Include="crunch\crn_dynamic_string.h">
      <Filter>Header Files</Filter>
    </ClInclude>
    <ClInclude Include="crunch\crn_etc.h">
      <Filter>Header Files</Filter>
    </ClInclude>
    <ClInclude Include="crunch\crn_file_utils.h">
      <Filter>Header Files</Filter>
    </ClInclude>
    <ClInclude Include="crunch\crn_find_files.h">
      <Filter>Header Files</Filter>
    </ClInclude>
    <ClInclude Include="crunch\crn_freeimage_image_utils.h">
      <Filter>Header Files</Filter>
    </ClInclude>
    <ClInclude Include="crunch\crn_hash.h">
      <Filter>Header Files</Filter>
    </ClInclude>
    <ClInclude Include="crunch\crn_hash_map.h">
      <Filter>Header Files</Filter>
    </ClInclude>
    <ClInclude Include="crunch\crn_helpers.h">
      <Filter>Header Files</Filter>
    </ClInclude>
    <ClInclude Include="crunch\crn_huffman_codes.h">
      <Filter>Header Files</Filter>
    </ClInclude>
    <ClInclude Include="crunch\crn_image.h">
      <Filter>Header Files</Filter>
    </ClInclude>
    <ClInclude Include="crunch\crn_image_utils.h">
      <Filter>Header Files</Filter>
    </ClInclude>
    <ClInclude Include="crunch\crn_intersect.h">
      <Filter>Header Files</Filter>
    </ClInclude>
    <ClInclude Include="crunch\crn_jpgd.h">
      <Filter>Header Files</Filter>
    </ClInclude>
    <ClInclude Include="crunch\crn_jpge.h">
      <Filter>Header Files</Filter>
    </ClInclude>
    <ClInclude Include="crunch\crn_ktx_texture.h">
      <Filter>Header Files</Filter>
    </ClInclude>
    <ClInclude Include="crunch\crn_lzma_codec.h">
      <Filter>Header Files</Filter>
    </ClInclude>
    <ClInclude Include="crunch\crn_math.h">
      <Filter>Header Files</Filter>
    </ClInclude>
    <ClInclude Include="crunch\crn_matrix.h">
      <Filter>Header Files</Filter>
    </ClInclude>
    <ClInclude Include="crunch\crn_mem.h">
      <Filter>Header Files</Filter>
    </ClInclude>
    <ClInclude Include="crunch\crn_miniz.h">
      <Filter>Header Files</Filter>
    </ClInclude>
    <ClInclude Include="crunch\crn_mipmapped_texture.h">
      <Filter>Header Files</Filter>
    </ClInclude>
    <ClInclude Include="crunch\crn_packed_uint.h">
      <Filter>Header Files</Filter>
    </ClInclude>
    <ClInclude Include="crunch\crn_pixel_format.h">
      <Filter>Header Files</Filter>
    </ClInclude>
    <ClInclude Include="crunch\crn_platform.h">
      <Filter>Header Files</Filter>
    </ClInclude>
    <ClInclude Include="crunch\crn_prefix_coding.h">
      <Filter>Header Files</Filter>
    </ClInclude>
    <ClInclude Include="crunch\crn_qdxt1.h">
      <Filter>Header Files</Filter>
    </ClInclude>
    <ClInclude Include="crunch\crn_qdxt5.h">
      <Filter>Header Files</Filter>
    </ClInclude>
    <ClInclude Include="crunch\crn_radix_sort.h">
      <Filter>Header Files</Filter>
    </ClInclude>
    <ClInclude Include="crunch\crn_rand.h">
      <Filter>Header Files</Filter>
    </ClInclude>
    <ClInclude Include="crunch\crn_ray.h">
      <Filter>Header Files</Filter>
    </ClInclude>
    <ClInclude Include="crunch\crn_rect.h">
      <Filter>Header Files</Filter>
    </ClInclude>
    <ClInclude Include="crunch\crn_resample_filters.h">
      <Filter>Header Files</Filter>
    </ClInclude>
    <ClInclude Include="crunch\crn_resampler.h">
      <Filter>Header Files</Filter>
    </ClInclude>
    <ClInclude Include="crunch\crn_rg_etc1.h">
      <Filter>Header Files</Filter>
    </ClInclude>
    <ClInclude Include="crunch\crn_ryg_dxt.hpp">
      <Filter>Header Files</Filter>
    </ClInclude>
    <ClInclude Include="crunch\crn_ryg_types.hpp">
      <Filter>Header Files</Filter>
    </ClInclude>
    <ClInclude Include="crunch\crn_sparse_array.h">
      <Filter>Header Files</Filter>
    </ClInclude>
    <ClInclude Include="crunch\crn_sparse_bit_array.h">
      <Filter>Header Files</Filter>
    </ClInclude>
    <ClInclude Include="crunch\crn_strutils.h">
      <Filter>Header Files</Filter>
    </ClInclude>
    <ClInclude Include="crunch\crn_symbol_codec.h">
      <Filter>Header Files</Filter>
    </ClInclude>
    <ClInclude Include="crunch\crn_texture_comp.h">
      <Filter>Header Files</Filter>
    </ClInclude>
    <ClInclude Include="crunch\crn_texture_conversion.h">
      <Filter>Header Files</Filter>
    </ClInclude>
    <ClInclude Include="crunch\crn_texture_file_types.h">
      <Filter>Header Files</Filter>
    </ClInclude>
    <ClInclude Include="crunch\crn_threaded_clusterizer.h">
      <Filter>Header Files</Filter>
    </ClInclude>
    <ClInclude Include="crunch\crn_threaded_resampler.h">
      <Filter>Header Files</Filter>
    </ClInclude>
    <ClInclude Include="crunch\crn_threading.h">
      <Filter>Header Files</Filter>
    </ClInclude>
    <ClInclude Include="crunch\crn_threading_null.h">
      <Filter>Header Files</Filter>
    </ClInclude>
    <ClInclude Include="crunch\crn_threading_pthreads.h">
      <Filter>Header Files</Filter>
    </ClInclude>
    <ClInclude Include="crunch\crn_threading_win32.h">
      <Filter>Header Files</Filter>
    </ClInclude>
    <ClInclude Include="crunch\crn_timer.h">
      <Filter>Header Files</Filter>
    </ClInclude>
    <ClInclude Include="crunch\crn_traits.h">
      <Filter>Header Files</Filter>
    </ClInclude>
    <ClInclude Include="crunch\crn_tree_clusterizer.h">
      <Filter>Header Files</Filter>
    </ClInclude>
    <ClInclude Include="crunch\crn_types.h">
      <Filter>Header Files</Filter>
    </ClInclude>
    <ClInclude Include="crunch\crn_utils.h">
      <Filter>Header Files</Filter>
    </ClInclude>
    <ClInclude Include="crunch\crn_value.h">
      <Filter>Header Files</Filter>
    </ClInclude>
    <ClInclude Include="crunch\crn_vec.h">
      <Filter>Header Files</Filter>
    </ClInclude>
    <ClInclude Include="crunch\crn_vec_interval.h">
      <Filter>Header Files</Filter>
    </ClInclude>
    <ClInclude Include="crunch\crn_vector.h">
      <Filter>Header Files</Filter>
    </ClInclude>
    <ClInclude Include="crunch\crn_vector2d.h">
      <Filter>Header Files</Filter>
    </ClInclude>
    <ClInclude Include="crunch\crn_winhdr.h">
      <Filter>Header Files</Filter>
    </ClInclude>
    <ClInclude Include="crunch\crn_zeng.h">
      <Filter>Header Files</Filter>
    </ClInclude>
    <ClInclude Include="crunch\lzham_timer.h">
      <Filter>Header Files</Filter>
    </ClInclude>
    <ClInclude Include="crunch\lzham_win32_threading.h">
      <Filter>Header Files</Filter>
    </ClInclude>
    <ClInclude Include="crunch\lzma_7zBuf.h">
      <Filter>Header Files</Filter>
    </ClInclude>
    <ClInclude Include="crunch\lzma_7zCrc.h">
      <Filter>Header Files</Filter>
    </ClInclude>
    <ClInclude Include="crunch\lzma_7zFile.h">
      <Filter>Header Files</Filter>
    </ClInclude>
    <ClInclude Include="crunch\lzma_7zVersion.h">
      <Filter>Header Files</Filter>
    </ClInclude>
    <ClInclude Include="crunch\lzma_Alloc.h">
      <Filter>Header Files</Filter>
    </ClInclude>
    <ClInclude Include="crunch\lzma_Bcj2.h">
      <Filter>Header Files</Filter>
    </ClInclude>
    <ClInclude Include="crunch\lzma_Bra.h">
      <Filter>Header Files</Filter>
    </ClInclude>
    <ClInclude Include="crunch\lzma_CpuArch.h">
      <Filter>Header Files</Filter>
    </ClInclude>
    <ClInclude Include="crunch\lzma_LzFind.h">
      <Filter>Header Files</Filter>
    </ClInclude>
    <ClInclude Include="crunch\lzma_LzFindMt.h">
      <Filter>Header Files</Filter>
    </ClInclude>
    <ClInclude Include="crunch\lzma_LzHash.h">
      <Filter>Header Files</Filter>
    </ClInclude>
    <ClInclude Include="crunch\lzma_LzmaDec.h">
      <Filter>Header Files</Filter>
    </ClInclude>
    <ClInclude Include="crunch\lzma_LzmaEnc.h">
      <Filter>Header Files</Filter>
    </ClInclude>
    <ClInclude Include="crunch\lzma_LzmaLib.h">
      <Filter>Header Files</Filter>
    </ClInclude>
    <ClInclude Include="crunch\lzma_MyVersion.h">
      <Filter>Header Files</Filter>
    </ClInclude>
    <ClInclude Include="crunch\lzma_Threads.h">
      <Filter>Header Files</Filter>
    </ClInclude>
    <ClInclude Include="crunch\lzma_Types.h">
      <Filter>Header Files</Filter>
    </ClInclude>
  </ItemGroup>
</Project>